{
  "name": "test-native",
  "lockfileVersion": 2,
  "requires": true,
  "packages": {
    "": {
      "name": "test-native",
      "dependencies": {
        "react-native-ble-plx": "^2.0.3"
      }
    },
    "node_modules/react-native-ble-plx": {
      "version": "2.0.3",
      "resolved": "https://registry.npmjs.org/react-native-ble-plx/-/react-native-ble-plx-2.0.3.tgz",
      "integrity": "sha512-62LRDBPf/03K7sge+qq2ZuF8PWCGB782G+SBrpgNm5fA5Hs3FCY1ExTJZ1G0tB5ZhBPYEXcKRxPLuFegcDFrqA=="
    }
  },
  "dependencies": {
    "react-native-ble-plx": {
      "version": "2.0.3",
      "resolved": "https://registry.npmjs.org/react-native-ble-plx/-/react-native-ble-plx-2.0.3.tgz",
      "integrity": "sha512-62LRDBPf/03K7sge+qq2ZuF8PWCGB782G+SBrpgNm5fA5Hs3FCY1ExTJZ1G0tB5ZhBPYEXcKRxPLuFegcDFrqA=="
    }
  }
}
